
Microsoft Visual Studio Solution File, Format Version 12.00
# Visual Studio 15
VisualStudioVersion = 15.0.27617.1
MinimumVisualStudioVersion = 10.0.40219.1
Project("{FAE04EC0-301F-11D3-BF4B-00C04F79EFBC}") = "Calculator", "Calculator\Calculator.csproj", "{FA9897A8-4FEE-4E05-AC40-DBE1E7B3146F}"
EndProject
Project("{2150E333-8FDC-42A3-9474-1A3956D46DE8}") = "Solution Items", "Solution Items", "{5526B8AE-9F33-469D-8700-2CC0DE756B6E}"
	ProjectSection(SolutionItems) = preProject
		TestSettings1.testsettings = TestSettings1.testsettings
	EndProjectSection
EndProject
Project("{FAE04EC0-301F-11D3-BF4B-00C04F79EFBC}") = "CalculatorTests", "CalculatorTests\CalculatorTests.csproj", "{857A2CCF-E34F-459F-81B5-072635A9D2CB}"
EndProject
Project("{FAE04EC0-301F-11D3-BF4B-00C04F79EFBC}") = "FrontEnd", "FrontEnd\FrontEnd.csproj", "{A66D468D-4423-43C2-9691-9927484F133F}"
EndProject
Project("{FAE04EC0-301F-11D3-BF4B-00C04F79EFBC}") = "FrontEndTests", "FrontEndTests\FrontEndTests.csproj", "{5F3D410B-3F3B-4F0C-8C09-95E91A414563}"
EndProject
Global
	GlobalSection(SolutionConfigurationPlatforms) = preSolution
		Debug|Any CPU = Debug|Any CPU
		Release|Any CPU = Release|Any CPU
	EndGlobalSection
	GlobalSection(ProjectConfigurationPlatforms) = postSolution
		{FA9897A8-4FEE-4E05-AC40-DBE1E7B3146F}.Debug|Any CPU.ActiveCfg = Debug|Any CPU
		{FA9897A8-4FEE-4E05-AC40-DBE1E7B3146F}.Debug|Any CPU.Build.0 = Debug|Any CPU
		{FA9897A8-4FEE-4E05-AC40-DBE1E7B3146F}.Release|Any CPU.ActiveCfg = Release|Any CPU
		{FA9897A8-4FEE-4E05-AC40-DBE1E7B3146F}.Release|Any CPU.Build.0 = Release|Any CPU
		{857A2CCF-E34F-459F-81B5-072635A9D2CB}.Debug|Any CPU.ActiveCfg = Debug|Any CPU
		{857A2CCF-E34F-459F-81B5-072635A9D2CB}.Debug|Any CPU.Build.0 = Debug|Any CPU
		{857A2CCF-E34F-459F-81B5-072635A9D2CB}.Release|Any CPU.ActiveCfg = Release|Any CPU
		{857A2CCF-E34F-459F-81B5-072635A9D2CB}.Release|Any CPU.Build.0 = Release|Any CPU
		{A66D468D-4423-43C2-9691-9927484F133F}.Debug|Any CPU.ActiveCfg = Debug|Any CPU
		{A66D468D-4423-43C2-9691-9927484F133F}.Debug|Any CPU.Build.0 = Debug|Any CPU
		{A66D468D-4423-43C2-9691-9927484F133F}.Release|Any CPU.ActiveCfg = Release|Any CPU
		{A66D468D-4423-43C2-9691-9927484F133F}.Release|Any CPU.Build.0 = Release|Any CPU
		{5F3D410B-3F3B-4F0C-8C09-95E91A414563}.Debug|Any CPU.ActiveCfg = Debug|Any CPU
		{5F3D410B-3F3B-4F0C-8C09-95E91A414563}.Debug|Any CPU.Build.0 = Debug|Any CPU
		{5F3D410B-3F3B-4F0C-8C09-95E91A414563}.Release|Any CPU.ActiveCfg = Release|Any CPU
		{5F3D410B-3F3B-4F0C-8C09-95E91A414563}.Release|Any CPU.Build.0 = Release|Any CPU
	EndGlobalSection
	GlobalSection(SolutionProperties) = preSolution
		HideSolutionNode = FALSE
	EndGlobalSection
	GlobalSection(ExtensibilityGlobals) = postSolution
		SolutionGuid = {A3EA627A-B8D5-4F04-BE60-BF6B84CAE305}
	EndGlobalSection
EndGlobal
